Microsoft Visual Studio Solution File, Format Version 12.00
# Visual Studio Version 17
VisualStudioVersion = 17.4.33213.308
MinimumVisualStudioVersion = 10.0.40219.1
Project("{9A19103F-16F7-4668-BE54-9A1E7A4F7556}") = "CarRentalApp.Windows", "CarRentalApp.Windows\CarRentalApp.Windows.csproj", "{67B341B9-4BC0-4659-A308-B7135C168FC3}"
EndProject
Project("{9A19103F-16F7-4668-BE54-9A1E7A4F7556}") = "CarRentalApp", "CarRentalApp\CarRentalApp.csproj", "{190924CC-FC0A-4BEF-8B87-89E2687ED8D0}"
EndProject
Project("{9A19103F-16F7-4668-BE54-9A1E7A4F7556}") = "CarRentalApp.Editor", "CarRentalApp.Editor\CarRentalApp.Editor.csproj", "{56C65D63-2DFD-42C3-9E72-376FFB81F413}"
EndProject
Global
	GlobalSection(SolutionConfigurationPlatforms) = preSolution
		Debug|Any CPU = Debug|Any CPU
		Release|Any CPU = Release|Any CPU
	EndGlobalSection
	GlobalSection(ProjectConfigurationPlatforms) = postSolution
		{67B341B9-4BC0-4659-A308-B7135C168FC3}.Debug|Any CPU.ActiveCfg = Debug|Any CPU
		{67B341B9-4BC0-4659-A308-B7135C168FC3}.Debug|Any CPU.Build.0 = Debug|Any CPU
		{67B341B9-4BC0-4659-A308-B7135C168FC3}.Release|Any CPU.ActiveCfg = Release|Any CPU
		{67B341B9-4BC0-4659-A308-B7135C168FC3}.Release|Any CPU.Build.0 = Release|Any CPU
		{190924CC-FC0A-4BEF-8B87-89E2687ED8D0}.Debug|Any CPU.ActiveCfg = Debug|Any CPU
		{190924CC-FC0A-4BEF-8B87-89E2687ED8D0}.Debug|Any CPU.Build.0 = Debug|Any CPU
		{190924CC-FC0A-4BEF-8B87-89E2687ED8D0}.Release|Any CPU.ActiveCfg = Release|Any CPU
		{190924CC-FC0A-4BEF-8B87-89E2687ED8D0}.Release|Any CPU.Build.0 = Release|Any CPU
		{56C65D63-2DFD-42C3-9E72-376FFB81F413}.Debug|Any CPU.ActiveCfg = Debug|Any CPU
		{56C65D63-2DFD-42C3-9E72-376FFB81F413}.Debug|Any CPU.Build.0 = Debug|Any CPU
		{56C65D63-2DFD-42C3-9E72-376FFB81F413}.Release|Any CPU.ActiveCfg = Release|Any CPU
		{56C65D63-2DFD-42C3-9E72-376FFB81F413}.Release|Any CPU.Build.0 = Release|Any CPU
	EndGlobalSection
	GlobalSection(SolutionProperties) = preSolution
		HideSolutionNode = FALSE
	EndGlobalSection
	GlobalSection(ExtensibilityGlobals) = postSolution
		SolutionGuid = {7FB4780F-59F9-4357-9D0A-C41B393E8799}
	EndGlobalSection
EndGlobal
